
Microsoft Visual Studio Solution File, Format Version 12.00
# Visual Studio Version 16
VisualStudioVersion = 16.0.29201.188
MinimumVisualStudioVersion = 10.0.40219.1
Project("{888888A0-9F3D-457C-B088-3A5042F75D52}") = "DjangoWebProject1", "DjangoWebProject1\DjangoWebProject1.pyproj", "{BB60F153-ACF2-482F-BDC5-3020FB97C77B}"
EndProject
Global
	GlobalSection(SolutionConfigurationPlatforms) = preSolution
		Debug|Any CPU = Debug|Any CPU
		Release|Any CPU = Release|Any CPU
	EndGlobalSection
	GlobalSection(ProjectConfigurationPlatforms) = postSolution
		{BB60F153-ACF2-482F-BDC5-3020FB97C77B}.Debug|Any CPU.ActiveCfg = Debug|Any CPU
		{BB60F153-ACF2-482F-BDC5-3020FB97C77B}.Debug|Any CPU.Build.0 = Debug|Any CPU
		{BB60F153-ACF2-482F-BDC5-3020FB97C77B}.Release|Any CPU.ActiveCfg = Release|Any CPU
		{BB60F153-ACF2-482F-BDC5-3020FB97C77B}.Release|Any CPU.Build.0 = Release|Any CPU
	EndGlobalSection
	GlobalSection(SolutionProperties) = preSolution
		HideSolutionNode = FALSE
	EndGlobalSection
	GlobalSection(ExtensibilityGlobals) = postSolution
		SolutionGuid = {BC10B2F1-9EC9-451A-AC0F-D8AD5F69922C}
	EndGlobalSection
EndGlobal
